
Microsoft Visual Studio Solution File, Format Version 12.00
# Visual Studio Version 17
VisualStudioVersion = 17.7.34031.279
MinimumVisualStudioVersion = 10.0.40219.1
Project("{9A19103F-16F7-4668-BE54-9A1E7A4F7556}") = "CDEV_36_Unit_4", "CDEV_36_4_2_Cycles\CDEV_36_Unit_4.csproj", "{1276D1AE-E809-4EA3-BA40-616A2032A111}"
EndProject
Global
	GlobalSection(SolutionConfigurationPlatforms) = preSolution
		Debug|Any CPU = Debug|Any CPU
		Release|Any CPU = Release|Any CPU
	EndGlobalSection
	GlobalSection(ProjectConfigurationPlatforms) = postSolution
		{1276D1AE-E809-4EA3-BA40-616A2032A111}.Debug|Any CPU.ActiveCfg = Debug|Any CPU
		{1276D1AE-E809-4EA3-BA40-616A2032A111}.Debug|Any CPU.Build.0 = Debug|Any CPU
		{1276D1AE-E809-4EA3-BA40-616A2032A111}.Release|Any CPU.ActiveCfg = Release|Any CPU
		{1276D1AE-E809-4EA3-BA40-616A2032A111}.Release|Any CPU.Build.0 = Release|Any CPU
	EndGlobalSection
	GlobalSection(SolutionProperties) = preSolution
		HideSolutionNode = FALSE
	EndGlobalSection
	GlobalSection(ExtensibilityGlobals) = postSolution
		SolutionGuid = {374BFF52-81D1-4F5F-A87E-683F6BB498AD}
	EndGlobalSection
EndGlobal
